Microsoft Visual Studio Solution File, Format Version 12.00
# Visual Studio Version 17
VisualStudioVersion = 17.5.2.0
MinimumVisualStudioVersion = 10.0.40219.1
Project("{FAE04EC0-301F-11D3-BF4B-00C04F79EFBC}") = "MyHackathonAPI", "MyHackathonAPI.csproj", "{993A498B-16B2-BEAD-01B1-0E28D8CC9F08}"
EndProject
Global
	GlobalSection(SolutionConfigurationPlatforms) = preSolution
		Debug|Any CPU = Debug|Any CPU
		Release|Any CPU = Release|Any CPU
	EndGlobalSection
	GlobalSection(ProjectConfigurationPlatforms) = postSolution
		{993A498B-16B2-BEAD-01B1-0E28D8CC9F08}.Debug|Any CPU.ActiveCfg = Debug|Any CPU
		{993A498B-16B2-BEAD-01B1-0E28D8CC9F08}.Debug|Any CPU.Build.0 = Debug|Any CPU
		{993A498B-16B2-BEAD-01B1-0E28D8CC9F08}.Release|Any CPU.ActiveCfg = Release|Any CPU
		{993A498B-16B2-BEAD-01B1-0E28D8CC9F08}.Release|Any CPU.Build.0 = Release|Any CPU
	EndGlobalSection
	GlobalSection(SolutionProperties) = preSolution
		HideSolutionNode = FALSE
	EndGlobalSection
	GlobalSection(ExtensibilityGlobals) = postSolution
		SolutionGuid = {492CE79B-98BF-4C3D-BB5D-1EBE6DA8C4DA}
	EndGlobalSection
EndGlobal
